lockfileVersion: 5.4

specifiers:
  '@python-italia/pycon-styleguide': 0.1.121-pr006b88084bd5c181a5d10f438dfeb2f0f02f6d19

dependencies:
  '@python-italia/pycon-styleguide': 0.1.121-pr006b88084bd5c181a5d10f438dfeb2f0f02f6d19

packages:

  /@babel/runtime/7.20.7:
    resolution: {integrity: sha512-UF0tvkUtxwAgZ5W/KrkHf0Rn0fdnLDU9ScxBrEVNUprE/MzirjK4MJUX1/BVDv00Sv8cljtukVK1aky++X1SjQ==}
    engines: {node: '>=6.9.0'}
    dependencies:
      regenerator-runtime: 0.13.11
    dev: false

  /@formatjs/ecma402-abstract/1.14.3:
    resolution: {integrity: sha512-SlsbRC/RX+/zg4AApWIFNDdkLtFbkq3LNoZWXZCE/nHVKqoIJyaoQyge/I0Y38vLxowUn9KTtXgusLD91+orbg==}
    dependencies:
      '@formatjs/intl-localematcher': 0.2.32
      tslib: 2.4.1
    dev: false

  /@formatjs/fast-memoize/1.2.7:
    resolution: {integrity: sha512-hPeM5LXUUjtCKPybWOUAWpv8lpja8Xz+uKprFPJcg5F2Rd+/bf1E0UUsLRpaAgOReAf5HMRtoIgv/UcyPICrTQ==}
    dependencies:
      tslib: 2.4.1
    dev: false

  /@formatjs/icu-messageformat-parser/2.1.14:
    resolution: {integrity: sha512-0KqeVOb72losEhUW+59vhZGGd14s1f35uThfEMVKZHKLEObvJdFTiI3ZQwvTMUCzLEMxnS6mtnYPmG4mTvwd3Q==}
    dependencies:
      '@formatjs/ecma402-abstract': 1.14.3
      '@formatjs/icu-skeleton-parser': 1.3.18
      tslib: 2.4.1
    dev: false

  /@formatjs/icu-skeleton-parser/1.3.18:
    resolution: {integrity: sha512-ND1ZkZfmLPcHjAH1sVpkpQxA+QYfOX3py3SjKWMUVGDow18gZ0WPqz3F+pJLYQMpS2LnnQ5zYR2jPVYTbRwMpg==}
    dependencies:
      '@formatjs/ecma402-abstract': 1.14.3
      tslib: 2.4.1
    dev: false

  /@formatjs/intl-displaynames/6.2.3:
    resolution: {integrity: sha512-teB0L68MDGM8jEKQg55w7nvFjzeLHE6e3eK/04s+iuEVYYmvjjiHJKHrthKENzcJ0F6mHf/AwXrbX+1mKxT6AQ==}
    dependencies:
      '@formatjs/ecma402-abstract': 1.14.3
      '@formatjs/intl-localematcher': 0.2.32
      tslib: 2.4.1
    dev: false

  /@formatjs/intl-listformat/7.1.7:
    resolution: {integrity: sha512-Zzf5ruPpfJnrAA2hGgf/6pMgQ3tx9oJVhpqycFDavHl3eEzrwdHddGqGdSNwhd0bB4NAFttZNQdmKDldc5iDZw==}
    dependencies:
      '@formatjs/ecma402-abstract': 1.14.3
      '@formatjs/intl-localematcher': 0.2.32
      tslib: 2.4.1
    dev: false

  /@formatjs/intl-localematcher/0.2.32:
    resolution: {integrity: sha512-k/MEBstff4sttohyEpXxCmC3MqbUn9VvHGlZ8fauLzkbwXmVrEeyzS+4uhrvAk9DWU9/7otYWxyDox4nT/KVLQ==}
    dependencies:
      tslib: 2.4.1
    dev: false

  /@formatjs/intl/2.6.3:
    resolution: {integrity: sha512-JaVZk14U/GypVfCZPevQ0KdruFkq16FXx7g398/Dm+YEx/W7sRiftbZeDy4wQ7WGryb45e763XycxD9o/vm9BA==}
    peerDependencies:
      typescript: ^4.7
    peerDependenciesMeta:
      typescript:
        optional: true
    dependencies:
      '@formatjs/ecma402-abstract': 1.14.3
      '@formatjs/fast-memoize': 1.2.7
      '@formatjs/icu-messageformat-parser': 2.1.14
      '@formatjs/intl-displaynames': 6.2.3
      '@formatjs/intl-listformat': 7.1.7
      intl-messageformat: 10.2.5
      tslib: 2.4.1
    dev: false

  /@python-italia/pycon-styleguide/0.1.121-pr006b88084bd5c181a5d10f438dfeb2f0f02f6d19:
    resolution: {integrity: sha512-TveuTm4YiUCYMNu3JCmzdYP5OobB6hVENV5Wn221redLrlkkkFxeeNtVxjJapdGNpIrdOIaC/J8UxuLIWF4VOw==}
    peerDependencies:
      react: '>=16.8.0'
      react-dom: '>=16.8.0'
    dependencies:
      clsx: 1.2.1
      date-fns: 2.29.3
      react-intl: 6.2.5
      react-text-transition: 1.3.0
      react-use: 17.4.0
    transitivePeerDependencies:
      - typescript
    dev: false

  /@types/hoist-non-react-statics/3.3.1:
    resolution: {integrity: sha512-iMIqiko6ooLrTh1joXodJK5X9xeEALT1kM5G3ZLhD3hszxBdIEd5C75U834D9mLcINgD4OyZf5uQXjkuYydWvA==}
    dependencies:
      '@types/react': 18.0.27
      hoist-non-react-statics: 3.3.2
    dev: false

  /@types/js-cookie/2.2.7:
    resolution: {integrity: sha512-aLkWa0C0vO5b4Sr798E26QgOkss68Un0bLjs7u9qxzPT5CG+8DuNTffWES58YzJs3hrVAOs1wonycqEBqNJubA==}
    dev: false

  /@types/prop-types/15.7.5:
    resolution: {integrity: sha512-JCB8C6SnDoQf0cNycqd/35A7MjcnK+ZTqE7judS6o7utxUCg6imJg3QK2qzHKszlTjcj2cn+NwMB2i96ubpj7w==}
    dev: false

  /@types/react/18.0.27:
    resolution: {integrity: sha512-3vtRKHgVxu3Jp9t718R9BuzoD4NcQ8YJ5XRzsSKxNDiDonD2MXIT1TmSkenxuCycZJoQT5d2vE8LwWJxBC1gmA==}
    dependencies:
      '@types/prop-types': 15.7.5
      '@types/scheduler': 0.16.2
      csstype: 3.1.1
    dev: false

  /@types/scheduler/0.16.2:
    resolution: {integrity: sha512-hppQEBDmlwhFAXKJX2KnWLYu5yMfi91yazPb2l+lbJiwW+wdo1gNeRA+3RgNSO39WYX2euey41KEwnqesU2Jew==}
    dev: false

  /@xobotyi/scrollbar-width/1.9.5:
    resolution: {integrity: sha512-N8tkAACJx2ww8vFMneJmaAgmjAG1tnVBZJRLRcx061tmsLRZHSEZSLuGWnwPtunsSLvSqXQ2wfp7Mgqg1I+2dQ==}
    dev: false

  /clsx/1.2.1:
    resolution: {integrity: sha512-EcR6r5a8bj6pu3ycsa/E/cKVGuTgZJZdsyUYHOksG/UHIiKfjxzRxYJpyVBwYaQeOvghal9fcc4PidlgzugAQg==}
    engines: {node: '>=6'}
    dev: false

  /copy-to-clipboard/3.3.3:
    resolution: {integrity: sha512-2KV8NhB5JqC3ky0r9PMCAZKbUHSwtEo4CwCs0KXgruG43gX5PMqDEBbVU4OUzw2MuAWUfsuFmWvEKG5QRfSnJA==}
    dependencies:
      toggle-selection: 1.0.6
    dev: false

  /css-in-js-utils/3.1.0:
    resolution: {integrity: sha512-fJAcud6B3rRu+KHYk+Bwf+WFL2MDCJJ1XG9x137tJQ0xYxor7XziQtuGFbWNdqrvF4Tk26O3H73nfVqXt/fW1A==}
    dependencies:
      hyphenate-style-name: 1.0.4
    dev: false

  /css-tree/1.1.3:
    resolution: {integrity: sha512-tRpdppF7TRazZrjJ6v3stzv93qxRcSsFmW6cX0Zm2NVKpxE1WV1HblnghVv9TreireHkqI/VDEsfolRF1p6y7Q==}
    engines: {node: '>=8.0.0'}
    dependencies:
      mdn-data: 2.0.14
      source-map: 0.6.1
    dev: false

  /csstype/3.1.1:
    resolution: {integrity: sha512-DJR/VvkAvSZW9bTouZue2sSxDwdTN92uHjqeKVm+0dAqdfNykRzQ95tay8aXMBAAPpUiq4Qcug2L7neoRh2Egw==}
    dev: false

  /date-fns/2.29.3:
    resolution: {integrity: sha512-dDCnyH2WnnKusqvZZ6+jA1O51Ibt8ZMRNkDZdyAyK4YfbDwa/cEmuztzG5pk6hqlp9aSBPYcjOlktquahGwGeA==}
    engines: {node: '>=0.11'}
    dev: false

  /error-stack-parser/2.1.4:
    resolution: {integrity: sha512-Sk5V6wVazPhq5MhpO+AUxJn5x7XSXGl1R93Vn7i+zS15KDVxQijejNCrz8340/2bgLBjR9GtEG8ZVKONDjcqGQ==}
    dependencies:
      stackframe: 1.3.4
    dev: false

  /fast-deep-equal/3.1.3:
    resolution: {integrity: sha512-f3qQ9oQy9j2AhBe/H9VC91wLmKBCCU/gDOnKNAYG5hswO7BLKj09Hc5HYNz9cGI++xlpDCIgDaitVs03ATR84Q==}
    dev: false

  /fast-loops/1.1.3:
    resolution: {integrity: sha512-8EZzEP0eKkEEVX+drtd9mtuQ+/QrlfW/5MlwcwK5Nds6EkZ/tRzEexkzUY2mIssnAyVLT+TKHuRXmFNNXYUd6g==}
    dev: false

  /fast-shallow-equal/1.0.0:
    resolution: {integrity: sha512-HPtaa38cPgWvaCFmRNhlc6NG7pv6NUHqjPgVAkWGoB9mQMwYB27/K0CvOM5Czy+qpT3e8XJ6Q4aPAnzpNpzNaw==}
    dev: false

  /fastest-stable-stringify/2.0.2:
    resolution: {integrity: sha512-bijHueCGd0LqqNK9b5oCMHc0MluJAx0cwqASgbWMvkO01lCYgIhacVRLcaDz3QnyYIRNJRDwMb41VuT6pHJ91Q==}
    dev: false

  /hoist-non-react-statics/3.3.2:
    resolution: {integrity: sha512-/gGivxi8JPKWNm/W0jSmzcMPpfpPLc3dY/6GxhX2hQ9iGj3aDfklV4ET7NjKpSinLpJ5vafa9iiGIEZg10SfBw==}
    dependencies:
      react-is: 16.13.1
    dev: false

  /hyphenate-style-name/1.0.4:
    resolution: {integrity: sha512-ygGZLjmXfPHj+ZWh6LwbC37l43MhfztxetbFCoYTM2VjkIUpeHgSNn7QIyVFj7YQ1Wl9Cbw5sholVJPzWvC2MQ==}
    dev: false

  /inline-style-prefixer/6.0.4:
    resolution: {integrity: sha512-FwXmZC2zbeeS7NzGjJ6pAiqRhXR0ugUShSNb6GApMl6da0/XGc4MOJsoWAywia52EEWbXNSy0pzkwz/+Y+swSg==}
    dependencies:
      css-in-js-utils: 3.1.0
      fast-loops: 1.1.3
    dev: false

  /intl-messageformat/10.2.5:
    resolution: {integrity: sha512-AievYMN6WLLHwBeCTv4aRKG+w3ZNyZtkObwgsKk3Q7GNTq8zDRvDbJSBQkb2OPeVCcAKcIXvak9FF/bRNavoww==}
    dependencies:
      '@formatjs/ecma402-abstract': 1.14.3
      '@formatjs/fast-memoize': 1.2.7
      '@formatjs/icu-messageformat-parser': 2.1.14
      tslib: 2.4.1
    dev: false

  /js-cookie/2.2.1:
    resolution: {integrity: sha512-HvdH2LzI/EAZcUwA8+0nKNtWHqS+ZmijLA30RwZA0bo7ToCckjK5MkGhjED9KoRcXO6BaGI3I9UIzSA1FKFPOQ==}
    dev: false

  /js-tokens/4.0.0:
    resolution: {integrity: sha512-RdJUflcE3cUzKiMqQgsCu06FPu9UdIJO0beYbPhHN4k6apgJtifcoCtT9bcxOpYBtpD2kCM6Sbzg4CausW/PKQ==}
    dev: false

  /loose-envify/1.4.0:
    resolution: {integrity: sha512-lyuxPGr/Wfhrlem2CL/UcnUc1zcqKAImBDzukY7Y5F/yQiNdko6+fRLevlw1HgMySw7f611UIY408EtxRSoK3Q==}
    hasBin: true
    dependencies:
      js-tokens: 4.0.0
    dev: false

  /mdn-data/2.0.14:
    resolution: {integrity: sha512-dn6wd0uw5GsdswPFfsgMp5NSB0/aDe6fK94YJV/AJDYXL6HVLWBsxeq7js7Ad+mU2K9LAlwpk6kN2D5mwCPVow==}
    dev: false

  /nano-css/5.3.5:
    resolution: {integrity: sha512-vSB9X12bbNu4ALBu7nigJgRViZ6ja3OU7CeuiV1zMIbXOdmkLahgtPmh3GBOlDxbKY0CitqlPdOReGlBLSp+yg==}
    peerDependencies:
      react: '*'
      react-dom: '*'
    dependencies:
      css-tree: 1.1.3
      csstype: 3.1.1
      fastest-stable-stringify: 2.0.2
      inline-style-prefixer: 6.0.4
      rtl-css-js: 1.16.1
      sourcemap-codec: 1.4.8
      stacktrace-js: 2.0.2
      stylis: 4.1.3
    dev: false

  /object-assign/4.1.1:
    resolution: {integrity: sha512-rJgTQnkUnH1sFw8yT6VSU3zD3sWmu6sZhIseY8VX+GRu3P6F7Fu+JNDoXfklElbLJSnc3FUQHVe4cU5hj+BcUg==}
    engines: {node: '>=0.10.0'}
    dev: false

  /prop-types/15.8.1:
    resolution: {integrity: sha512-oj87CgZICdulUohogVAR7AjlC0327U4el4L6eAvOqCeudMDVU0NThNaV+b9Df4dXgSP1gXMTnPdhfe/2qDH5cg==}
    dependencies:
      loose-envify: 1.4.0
      object-assign: 4.1.1
      react-is: 16.13.1
    dev: false

  /react-intl/6.2.5:
    resolution: {integrity: sha512-nz21POTKbE0sPEuEJU4o5YTZYY7VlIYCPNJaD6D2+xKyk6Noj6DoUK0LRO9LXuQNUuQ044IZl3m6ymzZRj8XFQ==}
    peerDependencies:
      react: ^16.6.0 || 17 || 18
      typescript: ^4.7
    peerDependenciesMeta:
      typescript:
        optional: true
    dependencies:
      '@formatjs/ecma402-abstract': 1.14.3
      '@formatjs/icu-messageformat-parser': 2.1.14
      '@formatjs/intl': 2.6.3
      '@formatjs/intl-displaynames': 6.2.3
      '@formatjs/intl-listformat': 7.1.7
      '@types/hoist-non-react-statics': 3.3.1
      '@types/react': 18.0.27
      hoist-non-react-statics: 3.3.2
      intl-messageformat: 10.2.5
      tslib: 2.4.1
    dev: false

  /react-is/16.13.1:
    resolution: {integrity: sha512-24e6ynE2H+OKt4kqsOvNd8kBpV65zoxbA4BVsEOB3ARVWQki/DHzaUoC5KuON/BiccDaCCTZBuOcfZs70kR8bQ==}
    dev: false

  /react-spring/8.0.27:
    resolution: {integrity: sha512-nDpWBe3ZVezukNRandTeLSPcwwTMjNVu1IDq9qA/AMiUqHuRN4BeSWvKr3eIxxg1vtiYiOLy4FqdfCP5IoP77g==}
    peerDependencies:
      react: '>= 16.8.0'
      react-dom: '>= 16.8.0'
    dependencies:
      '@babel/runtime': 7.20.7
      prop-types: 15.8.1
    dev: false

  /react-text-transition/1.3.0:
    resolution: {integrity: sha512-RzMFH4K1Ez8yGeT2n1FgGfP3VY2x1z6wX3CBzj3xweFVkPzRHmYOfyO1fT2mWSgFebq4bZ0RJ1qWurfNu3Pqrw==}
    peerDependencies:
      react: '>=16.13.1'
    dependencies:
      react-spring: 8.0.27
    transitivePeerDependencies:
      - react-dom
    dev: false

  /react-universal-interface/0.6.2_tslib@2.4.1:
    resolution: {integrity: sha512-dg8yXdcQmvgR13RIlZbTRQOoUrDciFVoSBZILwjE2LFISxZZ8loVJKAkuzswl5js8BHda79bIb2b84ehU8IjXw==}
    peerDependencies:
      react: '*'
      tslib: '*'
    dependencies:
      tslib: 2.4.1
    dev: false

  /react-use/17.4.0:
    resolution: {integrity: sha512-TgbNTCA33Wl7xzIJegn1HndB4qTS9u03QUwyNycUnXaweZkE4Kq2SB+Yoxx8qbshkZGYBDvUXbXWRUmQDcZZ/Q==}
    peerDependencies:
      react: ^16.8.0  || ^17.0.0 || ^18.0.0
      react-dom: ^16.8.0  || ^17.0.0 || ^18.0.0
    dependencies:
      '@types/js-cookie': 2.2.7
      '@xobotyi/scrollbar-width': 1.9.5
      copy-to-clipboard: 3.3.3
      fast-deep-equal: 3.1.3
      fast-shallow-equal: 1.0.0
      js-cookie: 2.2.1
      nano-css: 5.3.5
      react-universal-interface: 0.6.2_tslib@2.4.1
      resize-observer-polyfill: 1.5.1
      screenfull: 5.2.0
      set-harmonic-interval: 1.0.1
      throttle-debounce: 3.0.1
      ts-easing: 0.2.0
      tslib: 2.4.1
    dev: false

  /regenerator-runtime/0.13.11:
    resolution: {integrity: sha512-kY1AZVr2Ra+t+piVaJ4gxaFaReZVH40AKNo7UCX6W+dEwBo/2oZJzqfuN1qLq1oL45o56cPaTXELwrTh8Fpggg==}
    dev: false

  /resize-observer-polyfill/1.5.1:
    resolution: {integrity: sha512-LwZrotdHOo12nQuZlHEmtuXdqGoOD0OhaxopaNFxWzInpEgaLWoVuAMbTzixuosCx2nEG58ngzW3vxdWoxIgdg==}
    dev: false

  /rtl-css-js/1.16.1:
    resolution: {integrity: sha512-lRQgou1mu19e+Ya0LsTvKrVJ5TYUbqCVPAiImX3UfLTenarvPUl1QFdvu5Z3PYmHT9RCcwIfbjRQBntExyj3Zg==}
    dependencies:
      '@babel/runtime': 7.20.7
    dev: false

  /screenfull/5.2.0:
    resolution: {integrity: sha512-9BakfsO2aUQN2K9Fdbj87RJIEZ82Q9IGim7FqM5OsebfoFC6ZHXgDq/KvniuLTPdeM8wY2o6Dj3WQ7KeQCj3cA==}
    engines: {node: '>=0.10.0'}
    dev: false

  /set-harmonic-interval/1.0.1:
    resolution: {integrity: sha512-AhICkFV84tBP1aWqPwLZqFvAwqEoVA9kxNMniGEUvzOlm4vLmOFLiTT3UZ6bziJTy4bOVpzWGTfSCbmaayGx8g==}
    engines: {node: '>=6.9'}
    dev: false

  /source-map/0.5.6:
    resolution: {integrity: sha512-MjZkVp0NHr5+TPihLcadqnlVoGIoWo4IBHptutGh9wI3ttUYvCG26HkSuDi+K6lsZ25syXJXcctwgyVCt//xqA==}
    engines: {node: '>=0.10.0'}
    dev: false

  /source-map/0.6.1:
    resolution: {integrity: sha512-UjgapumWlbMhkBgzT7Ykc5YXUT46F0iKu8SGXq0bcwP5dz/h0Plj6enJqjz1Zbq2l5WaqYnrVbwWOWMyF3F47g==}
    engines: {node: '>=0.10.0'}
    dev: false

  /sourcemap-codec/1.4.8:
    resolution: {integrity: sha512-9NykojV5Uih4lgo5So5dtw+f0JgJX30KCNI8gwhz2J9A15wD0Ml6tjHKwf6fTSa6fAdVBdZeNOs9eJ71qCk8vA==}
    deprecated: Please use @jridgewell/sourcemap-codec instead
    dev: false

  /stack-generator/2.0.10:
    resolution: {integrity: sha512-mwnua/hkqM6pF4k8SnmZ2zfETsRUpWXREfA/goT8SLCV4iOFa4bzOX2nDipWAZFPTjLvQB82f5yaodMVhK0yJQ==}
    dependencies:
      stackframe: 1.3.4
    dev: false

  /stackframe/1.3.4:
    resolution: {integrity: sha512-oeVtt7eWQS+Na6F//S4kJ2K2VbRlS9D43mAlMyVpVWovy9o+jfgH8O9agzANzaiLjclA0oYzUXEM4PurhSUChw==}
    dev: false

  /stacktrace-gps/3.1.2:
    resolution: {integrity: sha512-GcUgbO4Jsqqg6RxfyTHFiPxdPqF+3LFmQhm7MgCuYQOYuWyqxo5pwRPz5d/u6/WYJdEnWfK4r+jGbyD8TSggXQ==}
    dependencies:
      source-map: 0.5.6
      stackframe: 1.3.4
    dev: false

  /stacktrace-js/2.0.2:
    resolution: {integrity: sha512-Je5vBeY4S1r/RnLydLl0TBTi3F2qdfWmYsGvtfZgEI+SCprPppaIhQf5nGcal4gI4cGpCV/duLcAzT1np6sQqg==}
    dependencies:
      error-stack-parser: 2.1.4
      stack-generator: 2.0.10
      stacktrace-gps: 3.1.2
    dev: false

  /stylis/4.1.3:
    resolution: {integrity: sha512-GP6WDNWf+o403jrEp9c5jibKavrtLW+/qYGhFxFrG8maXhwTBI7gLLhiBb0o7uFccWN+EOS9aMO6cGHWAO07OA==}
    dev: false

  /throttle-debounce/3.0.1:
    resolution: {integrity: sha512-dTEWWNu6JmeVXY0ZYoPuH5cRIwc0MeGbJwah9KUNYSJwommQpCzTySTpEe8Gs1J23aeWEuAobe4Ag7EHVt/LOg==}
    engines: {node: '>=10'}
    dev: false

  /toggle-selection/1.0.6:
    resolution: {integrity: sha512-BiZS+C1OS8g/q2RRbJmy59xpyghNBqrr6k5L/uKBGRsTfxmu3ffiRnd8mlGPUVayg8pvfi5urfnu8TU7DVOkLQ==}
    dev: false

  /ts-easing/0.2.0:
    resolution: {integrity: sha512-Z86EW+fFFh/IFB1fqQ3/+7Zpf9t2ebOAxNI/V6Wo7r5gqiqtxmgTlQ1qbqQcjLKYeSHPTsEmvlJUDg/EuL0uHQ==}
    dev: false

  /tslib/2.4.1:
    resolution: {integrity: sha512-tGyy4dAjRIEwI7BzsB0lynWgOpfqjUdq91XXAlIWD2OwKBH7oCl/GZG/HT4BOHrTlPMOASlMQ7veyTqpmRcrNA==}
    dev: false
