# THIS IS AN AUTOGENERATED FILE. DO NOT EDIT THIS FILE DIRECTLY.
# yarn lockfile v1


"@graphql-typed-document-node/core@^3.1.0":
  version "3.1.0"
  resolved "https://registry.yarnpkg.com/@graphql-typed-document-node/core/-/core-3.1.0.tgz#0eee6373e11418bfe0b5638f654df7a4ca6a3950"
  integrity sha512-wYn6r8zVZyQJ6rQaALBEln5B1pzxb9shV5Ef97kTvn6yVGrqyXVnDqnU24MXnFubR+rZjBY9NWuxX3FB2sTsjg==

"@urql/core@>=1.14.0":
  version "2.0.0"
  resolved "https://registry.yarnpkg.com/@urql/core/-/core-2.0.0.tgz#b4936dd51fe84cb570506d9ee2579149689f7535"
  integrity sha512-Qj24CG8ullqZZsYmjrSH0JhH+nY7kj8GbVbA9si3KUjlYs75A/MBQU3i97j6oWyGldDBapyis2CfaQeXKbv8rA==
  dependencies:
    "@graphql-typed-document-node/core" "^3.1.0"
    wonka "^4.0.14"

"@urql/exchange-auth@^0.1.2":
  version "0.1.2"
  resolved "https://registry.yarnpkg.com/@urql/exchange-auth/-/exchange-auth-0.1.2.tgz#67a76ef78ab4ea9dc51c050d1b79362e9abbffc6"
  integrity sha512-SIrcnbom+nro0pALmqQmcMxUcy8qZUoykoPs5LezYVPmvZXx4ErXwly58g0XoU4eX10U2gakjCFPTyleF8Nt6Q==
  dependencies:
    "@urql/core" ">=1.14.0"
    wonka "^4.0.14"

recoil@^0.1.3:
  version "0.1.3"
  resolved "https://registry.yarnpkg.com/recoil/-/recoil-0.1.3.tgz#3926b29ece8748967a0ff6c10516aca436cf4ae8"
  integrity sha512-/Rm7wN7jqCjhtFK1TgtK0V115SUXNu6d4QYvwxWNLydib0QChSmpB6U8CaHoRPS0MFWtAIsD/IFjpbfk/OYm7Q==

wonka@^4.0.14:
  version "4.0.15"
  resolved "https://registry.yarnpkg.com/wonka/-/wonka-4.0.15.tgz#9aa42046efa424565ab8f8f451fcca955bf80b89"
  integrity sha512-U0IUQHKXXn6PFo9nqsHphVCE5m3IntqZNB9Jjn7EB1lrR7YTDY3YWgFvEvwniTzXSvOH/XMzAZaIfJF/LvHYXg==
