[[package]]
name = "alembic"
version = "1.5.2"
description = "A database migration tool for SQLAlchemy."
category = "main"
optional = false
python-versions = "!=3.0.*,!=3.1.*,!=3.2.*,!=3.3.*,!=3.4.*,!=3.5.*,>=2.7"

[package.dependencies]
Mako = "*"
python-dateutil = "*"
python-editor = ">=0.3"
SQLAlchemy = ">=1.3.0"

[[package]]
name = "asyncpg"
version = "0.21.0"
description = "An asyncio PostgreSQL driver"
category = "main"
optional = false
python-versions = ">=3.5.0"

[package.extras]
dev = ["Cython (==0.29.20)", "pytest (>=3.6.0)", "Sphinx (>=1.7.3,<1.8.0)", "sphinxcontrib-asyncio (>=0.2.0,<0.3.0)", "sphinx-rtd-theme (>=0.2.4,<0.3.0)", "pycodestyle (>=2.5.0,<2.6.0)", "flake8 (>=3.7.9,<3.8.0)", "uvloop (>=0.14.0,<0.15.0)"]
docs = ["Sphinx (>=1.7.3,<1.8.0)", "sphinxcontrib-asyncio (>=0.2.0,<0.3.0)", "sphinx-rtd-theme (>=0.2.4,<0.3.0)"]
test = ["pycodestyle (>=2.5.0,<2.6.0)", "flake8 (>=3.7.9,<3.8.0)", "uvloop (>=0.14.0,<0.15.0)"]

[[package]]
name = "cached-property"
version = "1.5.2"
description = "A decorator for caching properties in classes."
category = "main"
optional = false
python-versions = "*"

[[package]]
name = "click"
version = "7.1.2"
description = "Composable command line interface toolkit"
category = "main"
optional = false
python-versions = ">=2.7, !=3.0.*, !=3.1.*, !=3.2.*, !=3.3.*, !=3.4.*"

[[package]]
name = "click-default-group"
version = "1.2.2"
description = "Extends click.Group to invoke a command without explicit subcommand name"
category = "dev"
optional = false
python-versions = "*"

[package.dependencies]
click = "*"

[[package]]
name = "colorama"
version = "0.3.9"
description = "Cross-platform colored terminal text."
category = "dev"
optional = false
python-versions = "*"

[[package]]
name = "cucumber-tag-expressions"
version = "2.0.4"
description = "Provides tag-expression parser for cucumber/behave"
category = "dev"
optional = false
python-versions = ">=2.7"

[package.extras]
develop = ["coverage", "pytest (>=3.2)", "pytest-html (>=1.19.0)", "tox (>=2.9)", "invoke", "path.py", "pylint"]

[[package]]
name = "dnspython"
version = "2.1.0"
description = "DNS toolkit"
category = "main"
optional = false
python-versions = ">=3.6"

[package.extras]
dnssec = ["cryptography (>=2.6)"]
doh = ["requests", "requests-toolbelt"]
idna = ["idna (>=2.1)"]
curio = ["curio (>=1.2)", "sniffio (>=1.1)"]
trio = ["trio (>=0.14.0)", "sniffio (>=1.1)"]

[[package]]
name = "email-validator"
version = "1.1.2"
description = "A robust email syntax and deliverability validation library for Python 2.x/3.x."
category = "main"
optional = false
python-versions = "*"

[package.dependencies]
dnspython = ">=1.15.0"
idna = ">=2.0.0"

[[package]]
name = "fancycompleter"
version = "0.9.1"
description = "colorful TAB completion for Python prompt"
category = "dev"
optional = false
python-versions = "*"

[package.dependencies]
pyreadline = {version = "*", markers = "platform_system == \"Windows\""}
pyrepl = ">=0.8.2"

[[package]]
name = "graphql-core"
version = "3.1.2"
description = "GraphQL implementation for Python, a port of GraphQL.js, the JavaScript reference implementation for GraphQL."
category = "main"
optional = false
python-versions = ">=3.6,<4"

[[package]]
name = "greenlet"
version = "1.0.0"
description = "Lightweight in-process concurrent programming"
category = "main"
optional = false
python-versions = ">=2.7,!=3.0.*,!=3.1.*,!=3.2.*,!=3.3.*,!=3.4.*"

[package.extras]
docs = ["sphinx"]

[[package]]
name = "h11"
version = "0.12.0"
description = "A pure-Python, bring-your-own-I/O implementation of HTTP/1.1"
category = "main"
optional = false
python-versions = ">=3.6"

[[package]]
name = "hupper"
version = "1.10.2"
description = "Integrated process monitor for developing and reloading daemons."
category = "main"
optional = false
python-versions = ">=2.7,!=3.0.*,!=3.1.*,!=3.2.*,!=3.3.*"

[package.extras]
docs = ["watchdog", "sphinx", "pylons-sphinx-themes"]
testing = ["watchdog", "pytest", "pytest-cov", "mock"]

[[package]]
name = "idna"
version = "3.1"
description = "Internationalized Domain Names in Applications (IDNA)"
category = "main"
optional = false
python-versions = ">=3.4"

[[package]]
name = "invoke"
version = "1.5.0"
description = "Pythonic task execution"
category = "main"
optional = false
python-versions = "*"

[[package]]
name = "mako"
version = "1.1.4"
description = "A super-fast templating language that borrows the  best ideas from the existing templating languages."
category = "main"
optional = false
python-versions = ">=2.7, !=3.0.*, !=3.1.*, !=3.2.*, !=3.3.*"

[package.dependencies]
MarkupSafe = ">=0.9.2"

[package.extras]
babel = ["babel"]
lingua = ["lingua"]

[[package]]
name = "markupsafe"
version = "1.1.1"
description = "Safely add untrusted strings to HTML/XML markup."
category = "main"
optional = false
python-versions = ">=2.7,!=3.0.*,!=3.1.*,!=3.2.*,!=3.3.*"

[[package]]
name = "pdbpp"
version = "0.10.2"
description = "pdb++, a drop-in replacement for pdb"
category = "dev"
optional = false
python-versions = "*"

[package.dependencies]
fancycompleter = ">=0.8"
pygments = "*"
wmctrl = "*"

[package.extras]
funcsigs = ["funcsigs"]
testing = ["funcsigs", "pytest"]

[[package]]
name = "pprintpp"
version = "0.4.0"
description = "A drop-in replacement for pprint that's actually pretty"
category = "dev"
optional = false
python-versions = "*"

[[package]]
name = "psycopg2"
version = "2.8.6"
description = "psycopg2 - Python-PostgreSQL Database Adapter"
category = "main"
optional = false
python-versions = ">=2.7,!=3.0.*,!=3.1.*,!=3.2.*,!=3.3.*"

[[package]]
name = "pydantic"
version = "1.7.3"
description = "Data validation and settings management using python 3.6 type hinting"
category = "main"
optional = false
python-versions = ">=3.6"

[package.extras]
dotenv = ["python-dotenv (>=0.10.4)"]
email = ["email-validator (>=1.0.3)"]
typing_extensions = ["typing-extensions (>=3.7.2)"]

[[package]]
name = "pygments"
version = "2.7.4"
description = "Pygments is a syntax highlighting package written in Python."
category = "main"
optional = false
python-versions = ">=3.5"

[[package]]
name = "pyjwt"
version = "2.0.1"
description = "JSON Web Token implementation in Python"
category = "main"
optional = false
python-versions = ">=3.6"

[package.extras]
crypto = ["cryptography (>=3.3.1,<4.0.0)"]
dev = ["sphinx", "sphinx-rtd-theme", "zope.interface", "cryptography (>=3.3.1,<4.0.0)", "pytest (>=6.0.0,<7.0.0)", "coverage[toml] (==5.0.4)", "mypy", "pre-commit"]
docs = ["sphinx", "sphinx-rtd-theme", "zope.interface"]
tests = ["pytest (>=6.0.0,<7.0.0)", "coverage[toml] (==5.0.4)"]

[[package]]
name = "pyreadline"
version = "2.1"
description = "A python implmementation of GNU readline."
category = "dev"
optional = false
python-versions = "*"

[[package]]
name = "pyrepl"
version = "0.9.0"
description = "A library for building flexible command line interfaces"
category = "dev"
optional = false
python-versions = "*"

[[package]]
name = "python-dateutil"
version = "2.8.1"
description = "Extensions to the standard Python datetime module"
category = "main"
optional = false
python-versions = "!=3.0.*,!=3.1.*,!=3.2.*,>=2.7"

[package.dependencies]
six = ">=1.5"

[[package]]
name = "python-editor"
version = "1.0.4"
description = "Programmatically open an editor, capture the result."
category = "main"
optional = false
python-versions = "*"

[[package]]
name = "python-multipart"
version = "0.0.5"
description = "A streaming multipart parser for Python"
category = "main"
optional = false
python-versions = "*"

[package.dependencies]
six = ">=1.4.0"

[[package]]
name = "six"
version = "1.15.0"
description = "Python 2 and 3 compatibility utilities"
category = "main"
optional = false
python-versions = ">=2.7, !=3.0.*, !=3.1.*, !=3.2.*"

[[package]]
name = "sqlalchemy"
version = "1.4.0b1"
description = "Database Abstraction Library"
category = "main"
optional = false
python-versions = "!=3.0.*,!=3.1.*,!=3.2.*,!=3.3.*,!=3.4.*,!=3.5.*,>=2.7"

[package.dependencies]
greenlet = {version = "*", markers = "python_version >= \"3\""}

[package.extras]
asyncio = ["greenlet"]
mariadb_connector = ["mariadb (>=1.0.1)"]
mssql = ["pyodbc"]
mssql_pymssql = ["pymssql"]
mssql_pyodbc = ["pyodbc"]
mysql = ["mysqlclient (>=1.4.0,<2)", "mysqlclient (>=1.4.0)"]
mysql_connector = ["mysqlconnector"]
oracle = ["cx_oracle (>=7,<8)", "cx_oracle (>=7)"]
postgresql = ["psycopg2 (>=2.7)"]
postgresql_asyncpg = ["asyncpg", "greenlet"]
postgresql_pg8000 = ["pg8000 (>=1.16.6)"]
postgresql_psycopg2binary = ["psycopg2-binary"]
postgresql_psycopg2cffi = ["psycopg2cffi"]
pymysql = ["pymysql"]

[[package]]
name = "starlette"
version = "0.14.1"
description = "The little ASGI library that shines."
category = "main"
optional = false
python-versions = ">=3.6"

[package.extras]
full = ["aiofiles", "graphene", "itsdangerous", "jinja2", "python-multipart", "pyyaml", "requests"]

[[package]]
name = "strawberry-graphql"
version = "0.44.12"
description = "A library for creating GraphQL APIs"
category = "main"
optional = false
python-versions = ">=3.7,<4.0"

[package.dependencies]
cached-property = ">=1.5.2,<2.0.0"
click = ">=7.0,<8.0"
graphql-core = ">=3.1.0,<4.0.0"
hupper = ">=1.5,<2.0"
pygments = ">=2.3,<3.0"
python-dateutil = ">=2.7.0,<3.0.0"
python-multipart = ">=0.0.5,<0.0.6"
starlette = ">=0.13.6,<0.15.0"
typing_extensions = ">=3.7.4,<4.0.0"

[package.extras]
debug-server = ["uvicorn (>=0.11.6,<0.14.0)"]
django = ["django (>=2,<4)", "asgiref (>=3.2,<4.0)"]
flask = ["flask (>=1.1,<2.0)"]
opentelemetry = ["opentelemetry-api (>=0.13b0,<0.14)", "opentelemetry-sdk (>=0.13b0,<0.14)"]
pydantic = ["pydantic (>=1.6.1,<2.0.0)"]

[[package]]
name = "termcolor"
version = "1.1.0"
description = "ANSII Color formatting for output in terminal."
category = "dev"
optional = false
python-versions = "*"

[[package]]
name = "toml"
version = "0.10.2"
description = "Python Library for Tom's Obvious, Minimal Language"
category = "dev"
optional = false
python-versions = ">=2.6, !=3.0.*, !=3.1.*, !=3.2.*"

[[package]]
name = "typing-extensions"
version = "3.7.4.3"
description = "Backported and Experimental Type Hints for Python 3.5+"
category = "main"
optional = false
python-versions = "*"

[[package]]
name = "uvicorn"
version = "0.13.3"
description = "The lightning-fast ASGI server."
category = "main"
optional = false
python-versions = "*"

[package.dependencies]
click = ">=7.0.0,<8.0.0"
h11 = ">=0.8"

[package.extras]
standard = ["websockets (>=8.0.0,<9.0.0)", "watchgod (>=0.6,<0.7)", "python-dotenv (>=0.13)", "PyYAML (>=5.1)", "httptools (>=0.1.0,<0.2.0)", "uvloop (>=0.14.0)", "colorama (>=0.4)"]

[[package]]
name = "ward"
version = "0.48.0b0"
description = "A modern Python testing framework"
category = "dev"
optional = false
python-versions = ">=3.6,<4.0"

[package.dependencies]
click = ">=7.0,<8.0"
click-default-group = ">=1.2.2,<2.0.0"
colorama = ">=0.3.3,<0.4.0"
cucumber-tag-expressions = ">=2.0.0,<3.0.0"
pprintpp = ">=0.4.0,<0.5.0"
pygments = ">=2.4.2,<3.0.0"
termcolor = ">=1.1.0,<2.0.0"
toml = ">=0.10.1,<0.11.0"

[[package]]
name = "wmctrl"
version = "0.3"
description = "A tool to programmatically control windows inside X"
category = "dev"
optional = false
python-versions = "*"

[metadata]
lock-version = "1.1"
python-versions = "^3.9"
content-hash = "f15292e55d804ea3fe3cf0ddfd9d2b1d27178a4d7121bb0da75671565a3049db"

[metadata.files]
alembic = [
    {file = "alembic-1.5.2-py2.py3-none-any.whl", hash = "sha256:c057488cc8ac7c4d06025ea3907e1a4dd07af70376fa149cf6bd2bc11b43076f"},
    {file = "alembic-1.5.2.tar.gz", hash = "sha256:a4de8d3525a95a96d59342e14b95cab5956c25b0907dce1549bb4e3e7958f4c2"},
]
asyncpg = [
    {file = "asyncpg-0.21.0-cp35-cp35m-macosx_10_13_x86_64.whl", hash = "sha256:09badce47a4645cfe523cc8a182bd047d5d62af0caaea77935e6a3c9e77dc364"},
    {file = "asyncpg-0.21.0-cp35-cp35m-manylinux1_i686.whl", hash = "sha256:6b7807bfedd24dd15cfb2c17c60977ce01410615ecc285268b5144a944ec97ff"},
    {file = "asyncpg-0.21.0-cp35-cp35m-manylinux1_x86_64.whl", hash = "sha256:dfd491e9865e64a3e91f1587b1d88d71dde1cfb850429253a73d4d44b98c3a0f"},
    {file = "asyncpg-0.21.0-cp35-cp35m-manylinux2014_aarch64.whl", hash = "sha256:8587e206d78e739ca83a40c9982e03b28f8904c95a54dc782da99e86cf768f73"},
    {file = "asyncpg-0.21.0-cp35-cp35m-win32.whl", hash = "sha256:b1b10916c006e5c2c0dcd5dadeb38cbf61ecd20d66c50164e82f31c22c7e329d"},
    {file = "asyncpg-0.21.0-cp35-cp35m-win_amd64.whl", hash = "sha256:22d161618b59e4b56fb2a5cc956aa9eeb336d07cae924a5b90c9aa1c2d137f15"},
    {file = "asyncpg-0.21.0-cp36-cp36m-macosx_10_13_x86_64.whl", hash = "sha256:f2d1aa890ffd1ad062a38b7ff7488764b3da4b0a24e0c83d7bbb1d1a6609df15"},
    {file = "asyncpg-0.21.0-cp36-cp36m-manylinux1_i686.whl", hash = "sha256:e7bfb9269aeb11d78d50accf1be46823683ced99209b7199e307cdf7da849522"},
    {file = "asyncpg-0.21.0-cp36-cp36m-manylinux1_x86_64.whl", hash = "sha256:68f7981f65317a5d5f497ec76919b488dbe0e838f8b924e7517a680bdca0f308"},
    {file = "asyncpg-0.21.0-cp36-cp36m-manylinux2014_aarch64.whl", hash = "sha256:a4c1feb285ec3807ecd5b54ab718a3d065bb55c93ebaf800670eadde31484be8"},
    {file = "asyncpg-0.21.0-cp36-cp36m-win32.whl", hash = "sha256:dddf4d4c5e781310a36529c3c87c1746837c2d2c7ec0f2ec4e4f06450d83c50a"},
    {file = "asyncpg-0.21.0-cp36-cp36m-win_amd64.whl", hash = "sha256:7ee29c4707eb8fb3d3a0348ac4495e06f4afaca3ee38c3bebedc9c8b239125ff"},
    {file = "asyncpg-0.21.0-cp37-cp37m-macosx_10_13_x86_64.whl", hash = "sha256:4421407b07b4e22291a226d9de0bf6f3ea8158aa1c12d83bfedbf5c22e13cd55"},
    {file = "asyncpg-0.21.0-cp37-cp37m-manylinux1_i686.whl", hash = "sha256:aa2e0cb14c01a2f58caeeca7196681b30aa22dd22c82845560b401df5e98e171"},
    {file = "asyncpg-0.21.0-cp37-cp37m-manylinux1_x86_64.whl", hash = "sha256:28584783dd0d21b2a0db3bfe54fb12f21425a4cc015e4419083ea99e6de0de9b"},
    {file = "asyncpg-0.21.0-cp37-cp37m-manylinux2014_aarch64.whl", hash = "sha256:915cebc8a7693c8a5e89804fa106678dbedcc50d0270ebab0b75f16e668bd59b"},
    {file = "asyncpg-0.21.0-cp37-cp37m-win32.whl", hash = "sha256:308b8ba32c42ea1ed84c034320678ec307296bb4faf3fbbeb9f9e20b46db99a5"},
    {file = "asyncpg-0.21.0-cp37-cp37m-win_amd64.whl", hash = "sha256:888593b6688faa7ec1c97ff7f2ca3b5a5b8abb15478fe2a13c5012b607a28737"},
    {file = "asyncpg-0.21.0-cp38-cp38-macosx_10_13_x86_64.whl", hash = "sha256:ecd5232cf64f58caac3b85103f1223fdf20e9eb43bfa053c56ef9e5dd76ab099"},
    {file = "asyncpg-0.21.0-cp38-cp38-manylinux1_i686.whl", hash = "sha256:3ade59cef35bffae6dbc6f5f3ef56e1d53c67f0a7adc3cc4c714f07568d2d717"},
    {file = "asyncpg-0.21.0-cp38-cp38-manylinux1_x86_64.whl", hash = "sha256:ea26604932719b3612541e606508d9d604211f56a65806ccf8c92c64104f4f8a"},
    {file = "asyncpg-0.21.0-cp38-cp38-manylinux2014_aarch64.whl", hash = "sha256:7e51d1a012b779e0ebf0195f80d004f65d3c60cc06f0fa1cef9d3e536262abbd"},
    {file = "asyncpg-0.21.0-cp38-cp38-win32.whl", hash = "sha256:615c7e3adb46e1f2e3aff45e4ee9401b4f24f9f7153e5530a0753369be72a5c6"},
    {file = "asyncpg-0.21.0-cp38-cp38-win_amd64.whl", hash = "sha256:823eca36108bd64a8600efe7bbf1230aa00f2defa3be42852f3b61ab40cf1226"},
    {file = "asyncpg-0.21.0.tar.gz", hash = "sha256:53cb2a0eb326f61e34ef4da2db01d87ce9c0ebe396f65a295829df334e31863f"},
]
cached-property = [
    {file = "cached-property-1.5.2.tar.gz", hash = "sha256:9fa5755838eecbb2d234c3aa390bd80fbd3ac6b6869109bfc1b499f7bd89a130"},
    {file = "cached_property-1.5.2-py2.py3-none-any.whl", hash = "sha256:df4f613cf7ad9a588cc381aaf4a512d26265ecebd5eb9e1ba12f1319eb85a6a0"},
]
click = [
    {file = "click-7.1.2-py2.py3-none-any.whl", hash = "sha256:dacca89f4bfadd5de3d7489b7c8a566eee0d3676333fbb50030263894c38c0dc"},
    {file = "click-7.1.2.tar.gz", hash = "sha256:d2b5255c7c6349bc1bd1e59e08cd12acbbd63ce649f2588755783aa94dfb6b1a"},
]
click-default-group = [
    {file = "click-default-group-1.2.2.tar.gz", hash = "sha256:d9560e8e8dfa44b3562fbc9425042a0fd6d21956fcc2db0077f63f34253ab904"},
]
colorama = [
    {file = "colorama-0.3.9-py2.py3-none-any.whl", hash = "sha256:463f8483208e921368c9f306094eb6f725c6ca42b0f97e313cb5d5512459feda"},
    {file = "colorama-0.3.9.tar.gz", hash = "sha256:48eb22f4f8461b1df5734a074b57042430fb06e1d61bd1e11b078c0fe6d7a1f1"},
]
cucumber-tag-expressions = [
    {file = "cucumber-tag-expressions-2.0.4.tar.gz", hash = "sha256:72197b9330c023ce2643847fd6659c5c000f7f286f5b42cbcfd19adb3be92d30"},
]
dnspython = [
    {file = "dnspython-2.1.0-py3-none-any.whl", hash = "sha256:95d12f6ef0317118d2a1a6fc49aac65ffec7eb8087474158f42f26a639135216"},
    {file = "dnspython-2.1.0.zip", hash = "sha256:e4a87f0b573201a0f3727fa18a516b055fd1107e0e5477cded4a2de497df1dd4"},
]
email-validator = [
    {file = "email-validator-1.1.2.tar.gz", hash = "sha256:1a13bd6050d1db4475f13e444e169b6fe872434922d38968c67cea9568cce2f0"},
    {file = "email_validator-1.1.2-py2.py3-none-any.whl", hash = "sha256:094b1d1c60d790649989d38d34f69e1ef07792366277a2cf88684d03495d018f"},
]
fancycompleter = [
    {file = "fancycompleter-0.9.1-py3-none-any.whl", hash = "sha256:dd076bca7d9d524cc7f25ec8f35ef95388ffef9ef46def4d3d25e9b044ad7080"},
    {file = "fancycompleter-0.9.1.tar.gz", hash = "sha256:09e0feb8ae242abdfd7ef2ba55069a46f011814a80fe5476be48f51b00247272"},
]
graphql-core = [
    {file = "graphql-core-3.1.2.tar.gz", hash = "sha256:c056424cbdaa0ff67446e4379772f43746bad50a44ec23d643b9bdcd052f5b3a"},
    {file = "graphql_core-3.1.2-py3-none-any.whl", hash = "sha256:b1826fbd1c6c290f7180d758ecf9c3859a46574cff324bf35a10167533c0e463"},
]
greenlet = [
    {file = "greenlet-1.0.0-cp27-cp27m-macosx_10_14_x86_64.whl", hash = "sha256:1d1d4473ecb1c1d31ce8fd8d91e4da1b1f64d425c1dc965edc4ed2a63cfa67b2"},
    {file = "greenlet-1.0.0-cp27-cp27m-manylinux1_x86_64.whl", hash = "sha256:cfd06e0f0cc8db2a854137bd79154b61ecd940dce96fad0cba23fe31de0b793c"},
    {file = "greenlet-1.0.0-cp27-cp27m-manylinux2010_x86_64.whl", hash = "sha256:eb333b90036358a0e2c57373f72e7648d7207b76ef0bd00a4f7daad1f79f5203"},
    {file = "greenlet-1.0.0-cp27-cp27m-win32.whl", hash = "sha256:1a1ada42a1fd2607d232ae11a7b3195735edaa49ea787a6d9e6a53afaf6f3476"},
    {file = "greenlet-1.0.0-cp27-cp27m-win_amd64.whl", hash = "sha256:f6f65bf54215e4ebf6b01e4bb94c49180a589573df643735107056f7a910275b"},
    {file = "greenlet-1.0.0-cp27-cp27mu-manylinux1_x86_64.whl", hash = "sha256:f59eded163d9752fd49978e0bab7a1ff21b1b8d25c05f0995d140cc08ac83379"},
    {file = "greenlet-1.0.0-cp27-cp27mu-manylinux2010_x86_64.whl", hash = "sha256:875d4c60a6299f55df1c3bb870ebe6dcb7db28c165ab9ea6cdc5d5af36bb33ce"},
    {file = "greenlet-1.0.0-cp35-cp35m-macosx_10_14_x86_64.whl", hash = "sha256:1bb80c71de788b36cefb0c3bb6bfab306ba75073dbde2829c858dc3ad70f867c"},
    {file = "greenlet-1.0.0-cp35-cp35m-manylinux1_x86_64.whl", hash = "sha256:b5f1b333015d53d4b381745f5de842f19fe59728b65f0fbb662dafbe2018c3a5"},
    {file = "greenlet-1.0.0-cp35-cp35m-manylinux2010_x86_64.whl", hash = "sha256:5352c15c1d91d22902582e891f27728d8dac3bd5e0ee565b6a9f575355e6d92f"},
    {file = "greenlet-1.0.0-cp35-cp35m-manylinux2014_aarch64.whl", hash = "sha256:2c65320774a8cd5fdb6e117c13afa91c4707548282464a18cf80243cf976b3e6"},
    {file = "greenlet-1.0.0-cp35-cp35m-manylinux2014_ppc64le.whl", hash = "sha256:111cfd92d78f2af0bc7317452bd93a477128af6327332ebf3c2be7df99566683"},
    {file = "greenlet-1.0.0-cp35-cp35m-win32.whl", hash = "sha256:cdb90267650c1edb54459cdb51dab865f6c6594c3a47ebd441bc493360c7af70"},
    {file = "greenlet-1.0.0-cp35-cp35m-win_amd64.whl", hash = "sha256:eac8803c9ad1817ce3d8d15d1bb82c2da3feda6bee1153eec5c58fa6e5d3f770"},
    {file = "greenlet-1.0.0-cp36-cp36m-macosx_10_14_x86_64.whl", hash = "sha256:c93d1a71c3fe222308939b2e516c07f35a849c5047f0197442a4d6fbcb4128ee"},
    {file = "greenlet-1.0.0-cp36-cp36m-manylinux1_x86_64.whl", hash = "sha256:122c63ba795fdba4fc19c744df6277d9cfd913ed53d1a286f12189a0265316dd"},
    {file = "greenlet-1.0.0-cp36-cp36m-manylinux2010_x86_64.whl", hash = "sha256:c5b22b31c947ad8b6964d4ed66776bcae986f73669ba50620162ba7c832a6b6a"},
    {file = "greenlet-1.0.0-cp36-cp36m-manylinux2014_aarch64.whl", hash = "sha256:4365eccd68e72564c776418c53ce3c5af402bc526fe0653722bc89efd85bf12d"},
    {file = "greenlet-1.0.0-cp36-cp36m-manylinux2014_ppc64le.whl", hash = "sha256:da7d09ad0f24270b20f77d56934e196e982af0d0a2446120cb772be4e060e1a2"},
    {file = "greenlet-1.0.0-cp36-cp36m-win32.whl", hash = "sha256:647ba1df86d025f5a34043451d7c4a9f05f240bee06277a524daad11f997d1e7"},
    {file = "greenlet-1.0.0-cp36-cp36m-win_amd64.whl", hash = "sha256:e6e9fdaf6c90d02b95e6b0709aeb1aba5affbbb9ccaea5502f8638e4323206be"},
    {file = "greenlet-1.0.0-cp37-cp37m-macosx_10_14_x86_64.whl", hash = "sha256:62afad6e5fd70f34d773ffcbb7c22657e1d46d7fd7c95a43361de979f0a45aef"},
    {file = "greenlet-1.0.0-cp37-cp37m-manylinux1_x86_64.whl", hash = "sha256:d3789c1c394944084b5e57c192889985a9f23bd985f6d15728c745d380318128"},
    {file = "greenlet-1.0.0-cp37-cp37m-manylinux2010_x86_64.whl", hash = "sha256:f5e2d36c86c7b03c94b8459c3bd2c9fe2c7dab4b258b8885617d44a22e453fb7"},
    {file = "greenlet-1.0.0-cp37-cp37m-manylinux2014_aarch64.whl", hash = "sha256:292e801fcb3a0b3a12d8c603c7cf340659ea27fd73c98683e75800d9fd8f704c"},
    {file = "greenlet-1.0.0-cp37-cp37m-manylinux2014_ppc64le.whl", hash = "sha256:f3dc68272990849132d6698f7dc6df2ab62a88b0d36e54702a8fd16c0490e44f"},
    {file = "greenlet-1.0.0-cp37-cp37m-win32.whl", hash = "sha256:7cd5a237f241f2764324396e06298b5dee0df580cf06ef4ada0ff9bff851286c"},
    {file = "greenlet-1.0.0-cp37-cp37m-win_amd64.whl", hash = "sha256:0ddd77586553e3daf439aa88b6642c5f252f7ef79a39271c25b1d4bf1b7cbb85"},
    {file = "greenlet-1.0.0-cp38-cp38-macosx_10_14_x86_64.whl", hash = "sha256:90b6a25841488cf2cb1c8623a53e6879573010a669455046df5f029d93db51b7"},
    {file = "greenlet-1.0.0-cp38-cp38-manylinux1_x86_64.whl", hash = "sha256:ed1d1351f05e795a527abc04a0d82e9aecd3bdf9f46662c36ff47b0b00ecaf06"},
    {file = "greenlet-1.0.0-cp38-cp38-manylinux2010_x86_64.whl", hash = "sha256:94620ed996a7632723a424bccb84b07e7b861ab7bb06a5aeb041c111dd723d36"},
    {file = "greenlet-1.0.0-cp38-cp38-manylinux2014_aarch64.whl", hash = "sha256:f97d83049715fd9dec7911860ecf0e17b48d8725de01e45de07d8ac0bd5bc378"},
    {file = "greenlet-1.0.0-cp38-cp38-manylinux2014_ppc64le.whl", hash = "sha256:0a77691f0080c9da8dfc81e23f4e3cffa5accf0f5b56478951016d7cfead9196"},
    {file = "greenlet-1.0.0-cp38-cp38-win32.whl", hash = "sha256:e1128e022d8dce375362e063754e129750323b67454cac5600008aad9f54139e"},
    {file = "greenlet-1.0.0-cp38-cp38-win_amd64.whl", hash = "sha256:5d4030b04061fdf4cbc446008e238e44936d77a04b2b32f804688ad64197953c"},
    {file = "greenlet-1.0.0-cp39-cp39-macosx_10_14_x86_64.whl", hash = "sha256:f8450d5ef759dbe59f84f2c9f77491bb3d3c44bc1a573746daf086e70b14c243"},
    {file = "greenlet-1.0.0-cp39-cp39-manylinux1_x86_64.whl", hash = "sha256:df8053867c831b2643b2c489fe1d62049a98566b1646b194cc815f13e27b90df"},
    {file = "greenlet-1.0.0-cp39-cp39-manylinux2010_x86_64.whl", hash = "sha256:df3e83323268594fa9755480a442cabfe8d82b21aba815a71acf1bb6c1776218"},
    {file = "greenlet-1.0.0-cp39-cp39-manylinux2014_aarch64.whl", hash = "sha256:181300f826625b7fd1182205b830642926f52bd8cdb08b34574c9d5b2b1813f7"},
    {file = "greenlet-1.0.0-cp39-cp39-manylinux2014_ppc64le.whl", hash = "sha256:58ca0f078d1c135ecf1879d50711f925ee238fe773dfe44e206d7d126f5bc664"},
    {file = "greenlet-1.0.0-cp39-cp39-win32.whl", hash = "sha256:5f297cb343114b33a13755032ecf7109b07b9a0020e841d1c3cedff6602cc139"},
    {file = "greenlet-1.0.0-cp39-cp39-win_amd64.whl", hash = "sha256:5d69bbd9547d3bc49f8a545db7a0bd69f407badd2ff0f6e1a163680b5841d2b0"},
    {file = "greenlet-1.0.0.tar.gz", hash = "sha256:719e169c79255816cdcf6dccd9ed2d089a72a9f6c42273aae12d55e8d35bdcf8"},
]
h11 = [
    {file = "h11-0.12.0-py3-none-any.whl", hash = "sha256:36a3cb8c0a032f56e2da7084577878a035d3b61d104230d4bd49c0c6b555a9c6"},
    {file = "h11-0.12.0.tar.gz", hash = "sha256:47222cb6067e4a307d535814917cd98fd0a57b6788ce715755fa2b6c28b56042"},
]
hupper = [
    {file = "hupper-1.10.2-py2.py3-none-any.whl", hash = "sha256:5de835f3b58324af2a8a16f52270c4d1a3d1734c45eed94b77fd622aea737f29"},
    {file = "hupper-1.10.2.tar.gz", hash = "sha256:3818f53dabc24da66f65cf4878c1c7a9b5df0c46b813e014abdd7c569eb9a02a"},
]
idna = [
    {file = "idna-3.1-py3-none-any.whl", hash = "sha256:5205d03e7bcbb919cc9c19885f9920d622ca52448306f2377daede5cf3faac16"},
    {file = "idna-3.1.tar.gz", hash = "sha256:c5b02147e01ea9920e6b0a3f1f7bb833612d507592c837a6c49552768f4054e1"},
]
invoke = [
    {file = "invoke-1.5.0-py2-none-any.whl", hash = "sha256:da7c2d0be71be83ffd6337e078ef9643f41240024d6b2659e7b46e0b251e339f"},
    {file = "invoke-1.5.0-py3-none-any.whl", hash = "sha256:7e44d98a7dc00c91c79bac9e3007276965d2c96884b3c22077a9f04042bd6d90"},
    {file = "invoke-1.5.0.tar.gz", hash = "sha256:f0c560075b5fb29ba14dad44a7185514e94970d1b9d57dcd3723bec5fed92650"},
]
mako = [
    {file = "Mako-1.1.4.tar.gz", hash = "sha256:17831f0b7087c313c0ffae2bcbbd3c1d5ba9eeac9c38f2eb7b50e8c99fe9d5ab"},
]
markupsafe = [
    {file = "MarkupSafe-1.1.1-cp27-cp27m-macosx_10_6_intel.whl", hash = "sha256:09027a7803a62ca78792ad89403b1b7a73a01c8cb65909cd876f7fcebd79b161"},
    {file = "MarkupSafe-1.1.1-cp27-cp27m-manylinux1_i686.whl", hash = "sha256:e249096428b3ae81b08327a63a485ad0878de3fb939049038579ac0ef61e17e7"},
    {file = "MarkupSafe-1.1.1-cp27-cp27m-manylinux1_x86_64.whl", hash = "sha256:500d4957e52ddc3351cabf489e79c91c17f6e0899158447047588650b5e69183"},
    {file = "MarkupSafe-1.1.1-cp27-cp27m-win32.whl", hash = "sha256:b2051432115498d3562c084a49bba65d97cf251f5a331c64a12ee7e04dacc51b"},
    {file = "MarkupSafe-1.1.1-cp27-cp27m-win_amd64.whl", hash = "sha256:98c7086708b163d425c67c7a91bad6e466bb99d797aa64f965e9d25c12111a5e"},
    {file = "MarkupSafe-1.1.1-cp27-cp27mu-manylinux1_i686.whl", hash = "sha256:cd5df75523866410809ca100dc9681e301e3c27567cf498077e8551b6d20e42f"},
    {file = "MarkupSafe-1.1.1-cp27-cp27mu-manylinux1_x86_64.whl", hash = "sha256:43a55c2930bbc139570ac2452adf3d70cdbb3cfe5912c71cdce1c2c6bbd9c5d1"},
    {file = "MarkupSafe-1.1.1-cp34-cp34m-macosx_10_6_intel.whl", hash = "sha256:1027c282dad077d0bae18be6794e6b6b8c91d58ed8a8d89a89d59693b9131db5"},
    {file = "MarkupSafe-1.1.1-cp34-cp34m-manylinux1_i686.whl", hash = "sha256:62fe6c95e3ec8a7fad637b7f3d372c15ec1caa01ab47926cfdf7a75b40e0eac1"},
    {file = "MarkupSafe-1.1.1-cp34-cp34m-manylinux1_x86_64.whl", hash = "sha256:88e5fcfb52ee7b911e8bb6d6aa2fd21fbecc674eadd44118a9cc3863f938e735"},
    {file = "MarkupSafe-1.1.1-cp34-cp34m-win32.whl", hash = "sha256:ade5e387d2ad0d7ebf59146cc00c8044acbd863725f887353a10df825fc8ae21"},
    {file = "MarkupSafe-1.1.1-cp34-cp34m-win_amd64.whl", hash = "sha256:09c4b7f37d6c648cb13f9230d847adf22f8171b1ccc4d5682398e77f40309235"},
    {file = "MarkupSafe-1.1.1-cp35-cp35m-macosx_10_6_intel.whl", hash = "sha256:79855e1c5b8da654cf486b830bd42c06e8780cea587384cf6545b7d9ac013a0b"},
    {file = "MarkupSafe-1.1.1-cp35-cp35m-manylinux1_i686.whl", hash = "sha256:c8716a48d94b06bb3b2524c2b77e055fb313aeb4ea620c8dd03a105574ba704f"},
    {file = "MarkupSafe-1.1.1-cp35-cp35m-manylinux1_x86_64.whl", hash = "sha256:7c1699dfe0cf8ff607dbdcc1e9b9af1755371f92a68f706051cc8c37d447c905"},
    {file = "MarkupSafe-1.1.1-cp35-cp35m-win32.whl", hash = "sha256:6dd73240d2af64df90aa7c4e7481e23825ea70af4b4922f8ede5b9e35f78a3b1"},
    {file = "MarkupSafe-1.1.1-cp35-cp35m-win_amd64.whl", hash = "sha256:9add70b36c5666a2ed02b43b335fe19002ee5235efd4b8a89bfcf9005bebac0d"},
    {file = "MarkupSafe-1.1.1-cp36-cp36m-macosx_10_6_intel.whl", hash = "sha256:24982cc2533820871eba85ba648cd53d8623687ff11cbb805be4ff7b4c971aff"},
    {file = "MarkupSafe-1.1.1-cp36-cp36m-manylinux1_i686.whl", hash = "sha256:00bc623926325b26bb9605ae9eae8a215691f33cae5df11ca5424f06f2d1f473"},
    {file = "MarkupSafe-1.1.1-cp36-cp36m-manylinux1_x86_64.whl", hash = "sha256:717ba8fe3ae9cc0006d7c451f0bb265ee07739daf76355d06366154ee68d221e"},
    {file = "MarkupSafe-1.1.1-cp36-cp36m-win32.whl", hash = "sha256:535f6fc4d397c1563d08b88e485c3496cf5784e927af890fb3c3aac7f933ec66"},
    {file = "MarkupSafe-1.1.1-cp36-cp36m-win_amd64.whl", hash = "sha256:b1282f8c00509d99fef04d8ba936b156d419be841854fe901d8ae224c59f0be5"},
    {file = "MarkupSafe-1.1.1-cp37-cp37m-macosx_10_6_intel.whl", hash = "sha256:8defac2f2ccd6805ebf65f5eeb132adcf2ab57aa11fdf4c0dd5169a004710e7d"},
    {file = "MarkupSafe-1.1.1-cp37-cp37m-manylinux1_i686.whl", hash = "sha256:46c99d2de99945ec5cb54f23c8cd5689f6d7177305ebff350a58ce5f8de1669e"},
    {file = "MarkupSafe-1.1.1-cp37-cp37m-manylinux1_x86_64.whl", hash = "sha256:ba59edeaa2fc6114428f1637ffff42da1e311e29382d81b339c1817d37ec93c6"},
    {file = "MarkupSafe-1.1.1-cp37-cp37m-win32.whl", hash = "sha256:b00c1de48212e4cc9603895652c5c410df699856a2853135b3967591e4beebc2"},
    {file = "MarkupSafe-1.1.1-cp37-cp37m-win_amd64.whl", hash = "sha256:9bf40443012702a1d2070043cb6291650a0841ece432556f784f004937f0f32c"},
    {file = "MarkupSafe-1.1.1-cp38-cp38-macosx_10_9_x86_64.whl", hash = "sha256:6788b695d50a51edb699cb55e35487e430fa21f1ed838122d722e0ff0ac5ba15"},
    {file = "MarkupSafe-1.1.1-cp38-cp38-manylinux1_i686.whl", hash = "sha256:cdb132fc825c38e1aeec2c8aa9338310d29d337bebbd7baa06889d09a60a1fa2"},
    {file = "MarkupSafe-1.1.1-cp38-cp38-manylinux1_x86_64.whl", hash = "sha256:13d3144e1e340870b25e7b10b98d779608c02016d5184cfb9927a9f10c689f42"},
    {file = "MarkupSafe-1.1.1-cp38-cp38-win32.whl", hash = "sha256:596510de112c685489095da617b5bcbbac7dd6384aeebeda4df6025d0256a81b"},
    {file = "MarkupSafe-1.1.1-cp38-cp38-win_amd64.whl", hash = "sha256:e8313f01ba26fbbe36c7be1966a7b7424942f670f38e666995b88d012765b9be"},
    {file = "MarkupSafe-1.1.1.tar.gz", hash = "sha256:29872e92839765e546828bb7754a68c418d927cd064fd4708fab9fe9c8bb116b"},
]
pdbpp = [
    {file = "pdbpp-0.10.2.tar.gz", hash = "sha256:73ff220d5006e0ecdc3e2705d8328d8aa5ac27fef95cc06f6e42cd7d22d55eb8"},
]
pprintpp = [
    {file = "pprintpp-0.4.0-py2.py3-none-any.whl", hash = "sha256:b6b4dcdd0c0c0d75e4d7b2f21a9e933e5b2ce62b26e1a54537f9651ae5a5c01d"},
    {file = "pprintpp-0.4.0.tar.gz", hash = "sha256:ea826108e2c7f49dc6d66c752973c3fc9749142a798d6b254e1e301cfdbc6403"},
]
psycopg2 = [
    {file = "psycopg2-2.8.6-cp27-cp27m-win32.whl", hash = "sha256:068115e13c70dc5982dfc00c5d70437fe37c014c808acce119b5448361c03725"},
    {file = "psycopg2-2.8.6-cp27-cp27m-win_amd64.whl", hash = "sha256:d160744652e81c80627a909a0e808f3c6653a40af435744de037e3172cf277f5"},
    {file = "psycopg2-2.8.6-cp34-cp34m-win32.whl", hash = "sha256:b8cae8b2f022efa1f011cc753adb9cbadfa5a184431d09b273fb49b4167561ad"},
    {file = "psycopg2-2.8.6-cp34-cp34m-win_amd64.whl", hash = "sha256:f22ea9b67aea4f4a1718300908a2fb62b3e4276cf00bd829a97ab5894af42ea3"},
    {file = "psycopg2-2.8.6-cp35-cp35m-win32.whl", hash = "sha256:26e7fd115a6db75267b325de0fba089b911a4a12ebd3d0b5e7acb7028bc46821"},
    {file = "psycopg2-2.8.6-cp35-cp35m-win_amd64.whl", hash = "sha256:00195b5f6832dbf2876b8bf77f12bdce648224c89c880719c745b90515233301"},
    {file = "psycopg2-2.8.6-cp36-cp36m-win32.whl", hash = "sha256:a49833abfdede8985ba3f3ec641f771cca215479f41523e99dace96d5b8cce2a"},
    {file = "psycopg2-2.8.6-cp36-cp36m-win_amd64.whl", hash = "sha256:f974c96fca34ae9e4f49839ba6b78addf0346777b46c4da27a7bf54f48d3057d"},
    {file = "psycopg2-2.8.6-cp37-cp37m-win32.whl", hash = "sha256:6a3d9efb6f36f1fe6aa8dbb5af55e067db802502c55a9defa47c5a1dad41df84"},
    {file = "psycopg2-2.8.6-cp37-cp37m-win_amd64.whl", hash = "sha256:56fee7f818d032f802b8eed81ef0c1232b8b42390df189cab9cfa87573fe52c5"},
    {file = "psycopg2-2.8.6-cp38-cp38-win32.whl", hash = "sha256:ad2fe8a37be669082e61fb001c185ffb58867fdbb3e7a6b0b0d2ffe232353a3e"},
    {file = "psycopg2-2.8.6-cp38-cp38-win_amd64.whl", hash = "sha256:56007a226b8e95aa980ada7abdea6b40b75ce62a433bd27cec7a8178d57f4051"},
    {file = "psycopg2-2.8.6-cp39-cp39-win32.whl", hash = "sha256:2c93d4d16933fea5bbacbe1aaf8fa8c1348740b2e50b3735d1b0bf8154cbf0f3"},
    {file = "psycopg2-2.8.6-cp39-cp39-win_amd64.whl", hash = "sha256:d5062ae50b222da28253059880a871dc87e099c25cb68acf613d9d227413d6f7"},
    {file = "psycopg2-2.8.6.tar.gz", hash = "sha256:fb23f6c71107c37fd667cb4ea363ddeb936b348bbd6449278eb92c189699f543"},
]
pydantic = [
    {file = "pydantic-1.7.3-cp36-cp36m-macosx_10_9_x86_64.whl", hash = "sha256:c59ea046aea25be14dc22d69c97bee629e6d48d2b2ecb724d7fe8806bf5f61cd"},
    {file = "pydantic-1.7.3-cp36-cp36m-manylinux1_i686.whl", hash = "sha256:a4143c8d0c456a093387b96e0f5ee941a950992904d88bc816b4f0e72c9a0009"},
    {file = "pydantic-1.7.3-cp36-cp36m-manylinux2014_i686.whl", hash = "sha256:d8df4b9090b595511906fa48deda47af04e7d092318bfb291f4d45dfb6bb2127"},
    {file = "pydantic-1.7.3-cp36-cp36m-manylinux2014_x86_64.whl", hash = "sha256:514b473d264671a5c672dfb28bdfe1bf1afd390f6b206aa2ec9fed7fc592c48e"},
    {file = "pydantic-1.7.3-cp36-cp36m-win_amd64.whl", hash = "sha256:dba5c1f0a3aeea5083e75db9660935da90216f8a81b6d68e67f54e135ed5eb23"},
    {file = "pydantic-1.7.3-cp37-cp37m-macosx_10_9_x86_64.whl", hash = "sha256:59e45f3b694b05a69032a0d603c32d453a23f0de80844fb14d55ab0c6c78ff2f"},
    {file = "pydantic-1.7.3-cp37-cp37m-manylinux1_i686.whl", hash = "sha256:5b24e8a572e4b4c18f614004dda8c9f2c07328cb5b6e314d6e1bbd536cb1a6c1"},
    {file = "pydantic-1.7.3-cp37-cp37m-manylinux2014_i686.whl", hash = "sha256:b2b054d095b6431cdda2f852a6d2f0fdec77686b305c57961b4c5dd6d863bf3c"},
    {file = "pydantic-1.7.3-cp37-cp37m-manylinux2014_x86_64.whl", hash = "sha256:025bf13ce27990acc059d0c5be46f416fc9b293f45363b3d19855165fee1874f"},
    {file = "pydantic-1.7.3-cp37-cp37m-win_amd64.whl", hash = "sha256:6e3874aa7e8babd37b40c4504e3a94cc2023696ced5a0500949f3347664ff8e2"},
    {file = "pydantic-1.7.3-cp38-cp38-macosx_10_9_x86_64.whl", hash = "sha256:e682f6442ebe4e50cb5e1cfde7dda6766fb586631c3e5569f6aa1951fd1a76ef"},
    {file = "pydantic-1.7.3-cp38-cp38-manylinux1_i686.whl", hash = "sha256:185e18134bec5ef43351149fe34fda4758e53d05bb8ea4d5928f0720997b79ef"},
    {file = "pydantic-1.7.3-cp38-cp38-manylinux2014_i686.whl", hash = "sha256:f5b06f5099e163295b8ff5b1b71132ecf5866cc6e7f586d78d7d3fd6e8084608"},
    {file = "pydantic-1.7.3-cp38-cp38-manylinux2014_x86_64.whl", hash = "sha256:24ca47365be2a5a3cc3f4a26dcc755bcdc9f0036f55dcedbd55663662ba145ec"},
    {file = "pydantic-1.7.3-cp38-cp38-win_amd64.whl", hash = "sha256:d1fe3f0df8ac0f3a9792666c69a7cd70530f329036426d06b4f899c025aca74e"},
    {file = "pydantic-1.7.3-cp39-cp39-macosx_10_9_x86_64.whl", hash = "sha256:f6864844b039805add62ebe8a8c676286340ba0c6d043ae5dea24114b82a319e"},
    {file = "pydantic-1.7.3-cp39-cp39-manylinux1_i686.whl", hash = "sha256:ecb54491f98544c12c66ff3d15e701612fc388161fd455242447083350904730"},
    {file = "pydantic-1.7.3-cp39-cp39-manylinux2014_i686.whl", hash = "sha256:ffd180ebd5dd2a9ac0da4e8b995c9c99e7c74c31f985ba090ee01d681b1c4b95"},
    {file = "pydantic-1.7.3-cp39-cp39-manylinux2014_x86_64.whl", hash = "sha256:8d72e814c7821125b16f1553124d12faba88e85405b0864328899aceaad7282b"},
    {file = "pydantic-1.7.3-cp39-cp39-win_amd64.whl", hash = "sha256:475f2fa134cf272d6631072554f845d0630907fce053926ff634cc6bc45bf1af"},
    {file = "pydantic-1.7.3-py3-none-any.whl", hash = "sha256:38be427ea01a78206bcaf9a56f835784afcba9e5b88fbdce33bbbfbcd7841229"},
    {file = "pydantic-1.7.3.tar.gz", hash = "sha256:213125b7e9e64713d16d988d10997dabc6a1f73f3991e1ff8e35ebb1409c7dc9"},
]
pygments = [
    {file = "Pygments-2.7.4-py3-none-any.whl", hash = "sha256:bc9591213a8f0e0ca1a5e68a479b4887fdc3e75d0774e5c71c31920c427de435"},
    {file = "Pygments-2.7.4.tar.gz", hash = "sha256:df49d09b498e83c1a73128295860250b0b7edd4c723a32e9bc0d295c7c2ec337"},
]
pyjwt = [
    {file = "PyJWT-2.0.1-py3-none-any.whl", hash = "sha256:b70b15f89dc69b993d8a8d32c299032d5355c82f9b5b7e851d1a6d706dffe847"},
    {file = "PyJWT-2.0.1.tar.gz", hash = "sha256:a5c70a06e1f33d81ef25eecd50d50bd30e34de1ca8b2b9fa3fe0daaabcf69bf7"},
]
pyreadline = [
    {file = "pyreadline-2.1.win-amd64.exe", hash = "sha256:9ce5fa65b8992dfa373bddc5b6e0864ead8f291c94fbfec05fbd5c836162e67b"},
    {file = "pyreadline-2.1.win32.exe", hash = "sha256:65540c21bfe14405a3a77e4c085ecfce88724743a4ead47c66b84defcf82c32e"},
    {file = "pyreadline-2.1.zip", hash = "sha256:4530592fc2e85b25b1a9f79664433da09237c1a270e4d78ea5aa3a2c7229e2d1"},
]
pyrepl = [
    {file = "pyrepl-0.9.0.tar.gz", hash = "sha256:292570f34b5502e871bbb966d639474f2b57fbfcd3373c2d6a2f3d56e681a775"},
]
python-dateutil = [
    {file = "python-dateutil-2.8.1.tar.gz", hash = "sha256:73ebfe9dbf22e832286dafa60473e4cd239f8592f699aa5adaf10050e6e1823c"},
    {file = "python_dateutil-2.8.1-py2.py3-none-any.whl", hash = "sha256:75bb3f31ea686f1197762692a9ee6a7550b59fc6ca3a1f4b5d7e32fb98e2da2a"},
]
python-editor = [
    {file = "python-editor-1.0.4.tar.gz", hash = "sha256:51fda6bcc5ddbbb7063b2af7509e43bd84bfc32a4ff71349ec7847713882327b"},
    {file = "python_editor-1.0.4-py2-none-any.whl", hash = "sha256:5f98b069316ea1c2ed3f67e7f5df6c0d8f10b689964a4a811ff64f0106819ec8"},
    {file = "python_editor-1.0.4-py2.7.egg", hash = "sha256:ea87e17f6ec459e780e4221f295411462e0d0810858e055fc514684350a2f522"},
    {file = "python_editor-1.0.4-py3-none-any.whl", hash = "sha256:1bf6e860a8ad52a14c3ee1252d5dc25b2030618ed80c022598f00176adc8367d"},
    {file = "python_editor-1.0.4-py3.5.egg", hash = "sha256:c3da2053dbab6b29c94e43c486ff67206eafbe7eb52dbec7390b5e2fb05aac77"},
]
python-multipart = [
    {file = "python-multipart-0.0.5.tar.gz", hash = "sha256:f7bb5f611fc600d15fa47b3974c8aa16e93724513b49b5f95c81e6624c83fa43"},
]
six = [
    {file = "six-1.15.0-py2.py3-none-any.whl", hash = "sha256:8b74bedcbbbaca38ff6d7491d76f2b06b3592611af620f8426e82dddb04a5ced"},
    {file = "six-1.15.0.tar.gz", hash = "sha256:30639c035cdb23534cd4aa2dd52c3bf48f06e5f4a941509c8bafd8ce11080259"},
]
sqlalchemy = [
    {file = "SQLAlchemy-1.4.0b1-cp27-cp27m-macosx_10_14_x86_64.whl", hash = "sha256:c0478114a2d53a46851f32b95237e68d42b611f73c5f1c3f86db5d3ce098a4dc"},
    {file = "SQLAlchemy-1.4.0b1-cp27-cp27m-manylinux1_x86_64.whl", hash = "sha256:7b8c82b7ae1a9da4db914058b97a42f3b9080317ef340ce06947de93f7277aeb"},
    {file = "SQLAlchemy-1.4.0b1-cp27-cp27m-manylinux2010_x86_64.whl", hash = "sha256:ba7baf1f5883b90184455d48f1b6c9ce9cad4a8b5b7b6b40be12e0ee996e8a93"},
    {file = "SQLAlchemy-1.4.0b1-cp27-cp27m-win32.whl", hash = "sha256:3a37e48b027b4e468cefdf36d3971ab75687a67e429bffa3b969a8b7eec8cdad"},
    {file = "SQLAlchemy-1.4.0b1-cp27-cp27m-win_amd64.whl", hash = "sha256:72c65ad0d816668f6dc7ab973e714fe803dcb39ff9c332531c463edacfaab7a7"},
    {file = "SQLAlchemy-1.4.0b1-cp27-cp27mu-manylinux1_x86_64.whl", hash = "sha256:6dad4f5407e10da52a1b06529090892325d7fa7f8081cf742308633696ba6bca"},
    {file = "SQLAlchemy-1.4.0b1-cp27-cp27mu-manylinux2010_x86_64.whl", hash = "sha256:0f598fda22895cae04588fba211271d5eeae33ca7db8fa8611fcb68d3289d918"},
    {file = "SQLAlchemy-1.4.0b1-cp36-cp36m-macosx_10_14_x86_64.whl", hash = "sha256:86d24a5bf9444d453f74f8e8af0500efe866aa60c456fcc09e9b405f6e2429c8"},
    {file = "SQLAlchemy-1.4.0b1-cp36-cp36m-manylinux1_x86_64.whl", hash = "sha256:9af047773ecab8014560b8d6844a1887ea465b09130de5242462d9372fc0676e"},
    {file = "SQLAlchemy-1.4.0b1-cp36-cp36m-manylinux2010_x86_64.whl", hash = "sha256:d2a2f7dc2768aeff366bdebe7f624145b55da5a9307c81477f063ef3edc0f315"},
    {file = "SQLAlchemy-1.4.0b1-cp36-cp36m-manylinux2014_aarch64.whl", hash = "sha256:fd2348363f19577db3debe837357f2e39de4ceaf7c9660c93acc72c92ceb57fa"},
    {file = "SQLAlchemy-1.4.0b1-cp36-cp36m-win32.whl", hash = "sha256:6a518abe2f515d83f07628bae85def7154b2eb9e94bb7f574056a182e9d0e8de"},
    {file = "SQLAlchemy-1.4.0b1-cp36-cp36m-win_amd64.whl", hash = "sha256:3baab895b75501f36ce12b2d4adc4ce30d0205c4fe1e791e156302afaa614827"},
    {file = "SQLAlchemy-1.4.0b1-cp37-cp37m-macosx_10_14_x86_64.whl", hash = "sha256:ddec6d9a3cdea4107ba5c0c6b0c62840daf8350a3176d8b602ada479094d074b"},
    {file = "SQLAlchemy-1.4.0b1-cp37-cp37m-manylinux1_x86_64.whl", hash = "sha256:31444b0718b2e235a57a36236e99fa0312196c407614591417779fae43c846e5"},
    {file = "SQLAlchemy-1.4.0b1-cp37-cp37m-manylinux2010_x86_64.whl", hash = "sha256:3b4ab743db16179147bb9ae3aa925cf0ec82bc6844b032107ed6ca7c3247847d"},
    {file = "SQLAlchemy-1.4.0b1-cp37-cp37m-manylinux2014_aarch64.whl", hash = "sha256:708b5996c2f54b426f1e1e0767f3dcd441152802cb18e369db152a82f629bb50"},
    {file = "SQLAlchemy-1.4.0b1-cp37-cp37m-win32.whl", hash = "sha256:20c581b9ded33fc39a23c87087a627e6419271b11e1f694f5710349bac411cb4"},
    {file = "SQLAlchemy-1.4.0b1-cp37-cp37m-win_amd64.whl", hash = "sha256:6c887aa68d58207fe18e931a6a997017e1b71f00f84011a693ddd23b55c0e08d"},
    {file = "SQLAlchemy-1.4.0b1-cp38-cp38-macosx_10_14_x86_64.whl", hash = "sha256:125fa3cf8212d803624f7d5eef1c8e7028170aba4bc21a622e81012050da8826"},
    {file = "SQLAlchemy-1.4.0b1-cp38-cp38-manylinux1_x86_64.whl", hash = "sha256:684062f66e70e4527002813381f4658e0ac3584d0cf8f621015ba219434df72f"},
    {file = "SQLAlchemy-1.4.0b1-cp38-cp38-manylinux2010_x86_64.whl", hash = "sha256:64962c64a21861a1785a4cfbc6f90d941c6f53a29fc2139ae2e2d2d29eed9c0e"},
    {file = "SQLAlchemy-1.4.0b1-cp38-cp38-manylinux2014_aarch64.whl", hash = "sha256:f0e73204cc2b810fcc2e71e7dcd0a34faf85e7276fbc4569f7ae3146f8fd50ee"},
    {file = "SQLAlchemy-1.4.0b1-cp38-cp38-win32.whl", hash = "sha256:87b410fe3603acb874511889bd6703e69014a9493c5403da9c68980fc3999dcd"},
    {file = "SQLAlchemy-1.4.0b1-cp38-cp38-win_amd64.whl", hash = "sha256:6bcdc9993fd7fc5df9590cad425770164849c64d803e8035ebef02e98cb9ea3d"},
    {file = "SQLAlchemy-1.4.0b1-cp39-cp39-macosx_10_14_x86_64.whl", hash = "sha256:c52af2e478b0112ba1bca20572959ee2e9c41ec693b249f5b88d622df130409d"},
    {file = "SQLAlchemy-1.4.0b1-cp39-cp39-manylinux1_x86_64.whl", hash = "sha256:d6926b43bfcfe1ee9599a484312dbcf98970eb566d8a8ee3ca5f5f46049b2131"},
    {file = "SQLAlchemy-1.4.0b1-cp39-cp39-manylinux2010_x86_64.whl", hash = "sha256:3ca2224fe4ebff1ed6892bb64ca109b771fdfb0e02fba7bc23b51821ec6c0b38"},
    {file = "SQLAlchemy-1.4.0b1-cp39-cp39-manylinux2014_aarch64.whl", hash = "sha256:b8fa8040e6594394d26e102739d6fa7455758baa01b07256c2a85e945e521954"},
    {file = "SQLAlchemy-1.4.0b1-cp39-cp39-win32.whl", hash = "sha256:72d9c09d9ac08bcae31a2e4f7192c31f3709768ccab2cdeb59d04b1bc0cd254b"},
    {file = "SQLAlchemy-1.4.0b1-cp39-cp39-win_amd64.whl", hash = "sha256:46a59414b142570af0e92362751f5402336be0a8cfebd6718f107f2ac284fa80"},
    {file = "SQLAlchemy-1.4.0b1.tar.gz", hash = "sha256:97f7382cf1bd3cdf663bec44e1fe44a32521e9d939c5bb603517cf5a6c7ab426"},
]
starlette = [
    {file = "starlette-0.14.1-py3-none-any.whl", hash = "sha256:d2f55fb835378442b812637ed3e3fcef3d3e22d292fcb8400fa48d2473202411"},
    {file = "starlette-0.14.1.tar.gz", hash = "sha256:5268ef5d4904ec69582d5fd207b869a5aa0cd59529848ba4cf429b06e3ced99a"},
]
strawberry-graphql = [
    {file = "strawberry-graphql-0.44.12.tar.gz", hash = "sha256:1e602e5432f461faf00dc73f5c2c028d03fb75d4381941f510c85f3fb13ad05e"},
    {file = "strawberry_graphql-0.44.12-py3-none-any.whl", hash = "sha256:0270c029619e17ab7191408d99e230bff33caeecba6e54d2a19a4eab4145605b"},
]
termcolor = [
    {file = "termcolor-1.1.0.tar.gz", hash = "sha256:1d6d69ce66211143803fbc56652b41d73b4a400a2891d7bf7a1cdf4c02de613b"},
]
toml = [
    {file = "toml-0.10.2-py2.py3-none-any.whl", hash = "sha256:806143ae5bfb6a3c6e736a764057db0e6a0e05e338b5630894a5f779cabb4f9b"},
    {file = "toml-0.10.2.tar.gz", hash = "sha256:b3bda1d108d5dd99f4a20d24d9c348e91c4db7ab1b749200bded2f839ccbe68f"},
]
typing-extensions = [
    {file = "typing_extensions-3.7.4.3-py2-none-any.whl", hash = "sha256:dafc7639cde7f1b6e1acc0f457842a83e722ccca8eef5270af2d74792619a89f"},
    {file = "typing_extensions-3.7.4.3-py3-none-any.whl", hash = "sha256:7cb407020f00f7bfc3cb3e7881628838e69d8f3fcab2f64742a5e76b2f841918"},
    {file = "typing_extensions-3.7.4.3.tar.gz", hash = "sha256:99d4073b617d30288f569d3f13d2bd7548c3a7e4c8de87db09a9d29bb3a4a60c"},
]
uvicorn = [
    {file = "uvicorn-0.13.3-py3-none-any.whl", hash = "sha256:1079c50a06f6338095b4f203e7861dbff318dde5f22f3a324fc6e94c7654164c"},
    {file = "uvicorn-0.13.3.tar.gz", hash = "sha256:ef1e0bb5f7941c6fe324e06443ddac0331e1632a776175f87891c7bd02694355"},
]
ward = [
    {file = "ward-0.48.0b0-py3-none-any.whl", hash = "sha256:da9122abbc78eaa794b16b5165bcad15ad96a004a88a1bfc5ac0108c382baafc"},
    {file = "ward-0.48.0b0.tar.gz", hash = "sha256:6da414421818b40bc8eb428f0ccbc2c04ae4f1cbe2c1a146304da313b287d97b"},
]
wmctrl = [
    {file = "wmctrl-0.3.tar.gz", hash = "sha256:d806f65ac1554366b6e31d29d7be2e8893996c0acbb2824bbf2b1f49cf628a13"},
]
